
Microsoft Visual Studio Solution File, Format Version 12.00
# Visual Studio 2012
Project("{2150E333-8FDC-42A3-9474-1A3956D46DE8}") = "Package", "Package", "{6BA8554E-AE50-49B0-9C98-4592447FEF8D}"
EndProject
Project("{2150E333-8FDC-42A3-9474-1A3956D46DE8}") = "Base", "Base", "{70FA07AF-D1EB-4725-A913-4DA8B9889574}"
EndProject
Project("{2150E333-8FDC-42A3-9474-1A3956D46DE8}") = "Passthrough", "Passthrough", "{FBD8B3A1-E623-4801-B899-7175B8ECB94E}"
EndProject
Project("{2150E333-8FDC-42A3-9474-1A3956D46DE8}") = "Driver", "Driver", "{425BEA3C-D5DC-470F-85DB-5C0A220113B1}"
EndProject
Project("{8BC9CEB8-8B4A-11D0-8D11-00A0C91BC942}") = "package", "Package\package.VcxProj", "{911D7389-3E61-449F-B8F3-14AD7EE9A0F2}"
EndProject
Project("{8BC9CEB8-8B4A-11D0-8D11-00A0C91BC942}") = "sxbase", "base\sxbase.vcxproj", "{24B547E3-C631-4768-B454-CF7719D58A5C}"
EndProject
Project("{8BC9CEB8-8B4A-11D0-8D11-00A0C91BC942}") = "mspassthroughext", "samples\passthrough\mspassthroughext.vcxproj", "{D63C4B45-D8C0-4E97-9C7C-DC8E3101A9BB}"
	ProjectSection(ProjectDependencies) = postProject
		{24B547E3-C631-4768-B454-CF7719D58A5C} = {24B547E3-C631-4768-B454-CF7719D58A5C}
	EndProjectSection
EndProject
Project("{2150E333-8FDC-42A3-9474-1A3956D46DE8}") = "Client", "Client", "{962C7A4F-8D41-4FB2-B793-0B2F639C0078}"
EndProject
Project("{2150E333-8FDC-42A3-9474-1A3956D46DE8}") = "TestServer", "TestServer", "{046E9D3B-71A5-48BA-AF4E-4D72740CF5DE}"
EndProject
Project("{8BC9CEB8-8B4A-11D0-8D11-00A0C91BC942}") = "TestServer", "TestServer\TestServer.vcxproj", "{03AB5F24-0A18-4E64-8F09-2CDD4FFD4537}"
EndProject
Project("{8BC9CEB8-8B4A-11D0-8D11-00A0C91BC942}") = "Client", "Client\Client.vcxproj", "{B4C77643-CB8D-40EA-BF76-AFCECD950C96}"
EndProject
Project("{8BC9CEB8-8B4A-11D0-8D11-00A0C91BC942}") = "HVService", "HVService\HVService\HVService.vcxproj", "{3F9A6FF1-9734-43AC-A7ED-6A7F33B6F3BC}"
EndProject
Global
	GlobalSection(SolutionConfigurationPlatforms) = preSolution
		Debug|Mixed Platforms = Debug|Mixed Platforms
		Debug|Win32 = Debug|Win32
		Debug|x64 = Debug|x64
		Release|Mixed Platforms = Release|Mixed Platforms
		Release|Win32 = Release|Win32
		Release|x64 = Release|x64
		Win8 Debug|Mixed Platforms = Win8 Debug|Mixed Platforms
		Win8 Debug|Win32 = Win8 Debug|Win32
		Win8 Debug|x64 = Win8 Debug|x64
		Win8 Release|Mixed Platforms = Win8 Release|Mixed Platforms
		Win8 Release|Win32 = Win8 Release|Win32
		Win8 Release|x64 = Win8 Release|x64
	EndGlobalSection
	GlobalSection(ProjectConfigurationPlatforms) = postSolution
		{911D7389-3E61-449F-B8F3-14AD7EE9A0F2}.Debug|Mixed Platforms.ActiveCfg = Win8 Debug|x64
		{911D7389-3E61-449F-B8F3-14AD7EE9A0F2}.Debug|Mixed Platforms.Build.0 = Win8 Debug|x64
		{911D7389-3E61-449F-B8F3-14AD7EE9A0F2}.Debug|Mixed Platforms.Deploy.0 = Win8 Debug|x64
		{911D7389-3E61-449F-B8F3-14AD7EE9A0F2}.Debug|Win32.ActiveCfg = Win8 Debug|x64
		{911D7389-3E61-449F-B8F3-14AD7EE9A0F2}.Debug|x64.ActiveCfg = Win8 Debug|x64
		{911D7389-3E61-449F-B8F3-14AD7EE9A0F2}.Release|Mixed Platforms.ActiveCfg = Win8 Release|x64
		{911D7389-3E61-449F-B8F3-14AD7EE9A0F2}.Release|Mixed Platforms.Build.0 = Win8 Release|x64
		{911D7389-3E61-449F-B8F3-14AD7EE9A0F2}.Release|Mixed Platforms.Deploy.0 = Win8 Release|x64
		{911D7389-3E61-449F-B8F3-14AD7EE9A0F2}.Release|Win32.ActiveCfg = Win8 Release|x64
		{911D7389-3E61-449F-B8F3-14AD7EE9A0F2}.Release|x64.ActiveCfg = Win8 Release|x64
		{911D7389-3E61-449F-B8F3-14AD7EE9A0F2}.Win8 Debug|Mixed Platforms.ActiveCfg = Win8 Debug|x64
		{911D7389-3E61-449F-B8F3-14AD7EE9A0F2}.Win8 Debug|Mixed Platforms.Build.0 = Win8 Debug|x64
		{911D7389-3E61-449F-B8F3-14AD7EE9A0F2}.Win8 Debug|Mixed Platforms.Deploy.0 = Win8 Debug|x64
		{911D7389-3E61-449F-B8F3-14AD7EE9A0F2}.Win8 Debug|Win32.ActiveCfg = Win8 Debug|x64
		{911D7389-3E61-449F-B8F3-14AD7EE9A0F2}.Win8 Debug|x64.ActiveCfg = Win8 Debug|x64
		{911D7389-3E61-449F-B8F3-14AD7EE9A0F2}.Win8 Debug|x64.Build.0 = Win8 Debug|x64
		{911D7389-3E61-449F-B8F3-14AD7EE9A0F2}.Win8 Release|Mixed Platforms.ActiveCfg = Win8 Release|x64
		{911D7389-3E61-449F-B8F3-14AD7EE9A0F2}.Win8 Release|Mixed Platforms.Build.0 = Win8 Release|x64
		{911D7389-3E61-449F-B8F3-14AD7EE9A0F2}.Win8 Release|Mixed Platforms.Deploy.0 = Win8 Release|x64
		{911D7389-3E61-449F-B8F3-14AD7EE9A0F2}.Win8 Release|Win32.ActiveCfg = Win8 Release|x64
		{911D7389-3E61-449F-B8F3-14AD7EE9A0F2}.Win8 Release|x64.ActiveCfg = Win8 Release|x64
		{911D7389-3E61-449F-B8F3-14AD7EE9A0F2}.Win8 Release|x64.Build.0 = Win8 Release|x64
		{24B547E3-C631-4768-B454-CF7719D58A5C}.Debug|Mixed Platforms.ActiveCfg = Win8 Debug|x64
		{24B547E3-C631-4768-B454-CF7719D58A5C}.Debug|Mixed Platforms.Build.0 = Win8 Debug|x64
		{24B547E3-C631-4768-B454-CF7719D58A5C}.Debug|Mixed Platforms.Deploy.0 = Win8 Debug|x64
		{24B547E3-C631-4768-B454-CF7719D58A5C}.Debug|Win32.ActiveCfg = Win8 Debug|x64
		{24B547E3-C631-4768-B454-CF7719D58A5C}.Debug|x64.ActiveCfg = Win8 Debug|x64
		{24B547E3-C631-4768-B454-CF7719D58A5C}.Release|Mixed Platforms.ActiveCfg = Win8 Release|x64
		{24B547E3-C631-4768-B454-CF7719D58A5C}.Release|Mixed Platforms.Build.0 = Win8 Release|x64
		{24B547E3-C631-4768-B454-CF7719D58A5C}.Release|Mixed Platforms.Deploy.0 = Win8 Release|x64
		{24B547E3-C631-4768-B454-CF7719D58A5C}.Release|Win32.ActiveCfg = Win8 Release|x64
		{24B547E3-C631-4768-B454-CF7719D58A5C}.Release|x64.ActiveCfg = Win8 Release|x64
		{24B547E3-C631-4768-B454-CF7719D58A5C}.Win8 Debug|Mixed Platforms.ActiveCfg = Win8 Debug|x64
		{24B547E3-C631-4768-B454-CF7719D58A5C}.Win8 Debug|Mixed Platforms.Build.0 = Win8 Debug|x64
		{24B547E3-C631-4768-B454-CF7719D58A5C}.Win8 Debug|Mixed Platforms.Deploy.0 = Win8 Debug|x64
		{24B547E3-C631-4768-B454-CF7719D58A5C}.Win8 Debug|Win32.ActiveCfg = Win8 Debug|x64
		{24B547E3-C631-4768-B454-CF7719D58A5C}.Win8 Debug|x64.ActiveCfg = Win8 Debug|x64
		{24B547E3-C631-4768-B454-CF7719D58A5C}.Win8 Debug|x64.Build.0 = Win8 Debug|x64
		{24B547E3-C631-4768-B454-CF7719D58A5C}.Win8 Release|Mixed Platforms.ActiveCfg = Win8 Release|x64
		{24B547E3-C631-4768-B454-CF7719D58A5C}.Win8 Release|Mixed Platforms.Build.0 = Win8 Release|x64
		{24B547E3-C631-4768-B454-CF7719D58A5C}.Win8 Release|Mixed Platforms.Deploy.0 = Win8 Release|x64
		{24B547E3-C631-4768-B454-CF7719D58A5C}.Win8 Release|Win32.ActiveCfg = Win8 Release|x64
		{24B547E3-C631-4768-B454-CF7719D58A5C}.Win8 Release|x64.ActiveCfg = Win8 Release|x64
		{24B547E3-C631-4768-B454-CF7719D58A5C}.Win8 Release|x64.Build.0 = Win8 Release|x64
		{D63C4B45-D8C0-4E97-9C7C-DC8E3101A9BB}.Debug|Mixed Platforms.ActiveCfg = Win8 Debug|x64
		{D63C4B45-D8C0-4E97-9C7C-DC8E3101A9BB}.Debug|Mixed Platforms.Build.0 = Win8 Debug|x64
		{D63C4B45-D8C0-4E97-9C7C-DC8E3101A9BB}.Debug|Mixed Platforms.Deploy.0 = Win8 Debug|x64
		{D63C4B45-D8C0-4E97-9C7C-DC8E3101A9BB}.Debug|Win32.ActiveCfg = Win8 Debug|x64
		{D63C4B45-D8C0-4E97-9C7C-DC8E3101A9BB}.Debug|x64.ActiveCfg = Win8 Debug|x64
		{D63C4B45-D8C0-4E97-9C7C-DC8E3101A9BB}.Release|Mixed Platforms.ActiveCfg = Win8 Release|x64
		{D63C4B45-D8C0-4E97-9C7C-DC8E3101A9BB}.Release|Mixed Platforms.Build.0 = Win8 Release|x64
		{D63C4B45-D8C0-4E97-9C7C-DC8E3101A9BB}.Release|Mixed Platforms.Deploy.0 = Win8 Release|x64
		{D63C4B45-D8C0-4E97-9C7C-DC8E3101A9BB}.Release|Win32.ActiveCfg = Win8 Release|x64
		{D63C4B45-D8C0-4E97-9C7C-DC8E3101A9BB}.Release|x64.ActiveCfg = Win8 Release|x64
		{D63C4B45-D8C0-4E97-9C7C-DC8E3101A9BB}.Win8 Debug|Mixed Platforms.ActiveCfg = Win8 Debug|x64
		{D63C4B45-D8C0-4E97-9C7C-DC8E3101A9BB}.Win8 Debug|Mixed Platforms.Build.0 = Win8 Debug|x64
		{D63C4B45-D8C0-4E97-9C7C-DC8E3101A9BB}.Win8 Debug|Mixed Platforms.Deploy.0 = Win8 Debug|x64
		{D63C4B45-D8C0-4E97-9C7C-DC8E3101A9BB}.Win8 Debug|Win32.ActiveCfg = Win8 Debug|x64
		{D63C4B45-D8C0-4E97-9C7C-DC8E3101A9BB}.Win8 Debug|x64.ActiveCfg = Win8 Debug|x64
		{D63C4B45-D8C0-4E97-9C7C-DC8E3101A9BB}.Win8 Debug|x64.Build.0 = Win8 Debug|x64
		{D63C4B45-D8C0-4E97-9C7C-DC8E3101A9BB}.Win8 Release|Mixed Platforms.ActiveCfg = Win8 Release|x64
		{D63C4B45-D8C0-4E97-9C7C-DC8E3101A9BB}.Win8 Release|Mixed Platforms.Build.0 = Win8 Release|x64
		{D63C4B45-D8C0-4E97-9C7C-DC8E3101A9BB}.Win8 Release|Mixed Platforms.Deploy.0 = Win8 Release|x64
		{D63C4B45-D8C0-4E97-9C7C-DC8E3101A9BB}.Win8 Release|Win32.ActiveCfg = Win8 Release|x64
		{D63C4B45-D8C0-4E97-9C7C-DC8E3101A9BB}.Win8 Release|x64.ActiveCfg = Win8 Release|x64
		{D63C4B45-D8C0-4E97-9C7C-DC8E3101A9BB}.Win8 Release|x64.Build.0 = Win8 Release|x64
		{03AB5F24-0A18-4E64-8F09-2CDD4FFD4537}.Debug|Mixed Platforms.ActiveCfg = Debug|Win32
		{03AB5F24-0A18-4E64-8F09-2CDD4FFD4537}.Debug|Mixed Platforms.Build.0 = Debug|Win32
		{03AB5F24-0A18-4E64-8F09-2CDD4FFD4537}.Debug|Mixed Platforms.Deploy.0 = Debug|Win32
		{03AB5F24-0A18-4E64-8F09-2CDD4FFD4537}.Debug|Win32.ActiveCfg = Debug|Win32
		{03AB5F24-0A18-4E64-8F09-2CDD4FFD4537}.Debug|Win32.Build.0 = Debug|Win32
		{03AB5F24-0A18-4E64-8F09-2CDD4FFD4537}.Debug|Win32.Deploy.0 = Debug|Win32
		{03AB5F24-0A18-4E64-8F09-2CDD4FFD4537}.Debug|x64.ActiveCfg = Debug|x64
		{03AB5F24-0A18-4E64-8F09-2CDD4FFD4537}.Debug|x64.Build.0 = Debug|x64
		{03AB5F24-0A18-4E64-8F09-2CDD4FFD4537}.Debug|x64.Deploy.0 = Debug|x64
		{03AB5F24-0A18-4E64-8F09-2CDD4FFD4537}.Release|Mixed Platforms.ActiveCfg = Release|Win32
		{03AB5F24-0A18-4E64-8F09-2CDD4FFD4537}.Release|Mixed Platforms.Build.0 = Release|Win32
		{03AB5F24-0A18-4E64-8F09-2CDD4FFD4537}.Release|Mixed Platforms.Deploy.0 = Release|Win32
		{03AB5F24-0A18-4E64-8F09-2CDD4FFD4537}.Release|Win32.ActiveCfg = Release|Win32
		{03AB5F24-0A18-4E64-8F09-2CDD4FFD4537}.Release|Win32.Build.0 = Release|Win32
		{03AB5F24-0A18-4E64-8F09-2CDD4FFD4537}.Release|Win32.Deploy.0 = Release|Win32
		{03AB5F24-0A18-4E64-8F09-2CDD4FFD4537}.Release|x64.ActiveCfg = Release|x64
		{03AB5F24-0A18-4E64-8F09-2CDD4FFD4537}.Release|x64.Build.0 = Release|x64
		{03AB5F24-0A18-4E64-8F09-2CDD4FFD4537}.Release|x64.Deploy.0 = Release|x64
		{03AB5F24-0A18-4E64-8F09-2CDD4FFD4537}.Win8 Debug|Mixed Platforms.ActiveCfg = Debug|Win32
		{03AB5F24-0A18-4E64-8F09-2CDD4FFD4537}.Win8 Debug|Mixed Platforms.Build.0 = Debug|Win32
		{03AB5F24-0A18-4E64-8F09-2CDD4FFD4537}.Win8 Debug|Mixed Platforms.Deploy.0 = Debug|Win32
		{03AB5F24-0A18-4E64-8F09-2CDD4FFD4537}.Win8 Debug|Win32.ActiveCfg = Debug|Win32
		{03AB5F24-0A18-4E64-8F09-2CDD4FFD4537}.Win8 Debug|Win32.Build.0 = Debug|Win32
		{03AB5F24-0A18-4E64-8F09-2CDD4FFD4537}.Win8 Debug|Win32.Deploy.0 = Debug|Win32
		{03AB5F24-0A18-4E64-8F09-2CDD4FFD4537}.Win8 Debug|x64.ActiveCfg = Debug|x64
		{03AB5F24-0A18-4E64-8F09-2CDD4FFD4537}.Win8 Debug|x64.Build.0 = Debug|x64
		{03AB5F24-0A18-4E64-8F09-2CDD4FFD4537}.Win8 Debug|x64.Deploy.0 = Debug|x64
		{03AB5F24-0A18-4E64-8F09-2CDD4FFD4537}.Win8 Release|Mixed Platforms.ActiveCfg = Release|Win32
		{03AB5F24-0A18-4E64-8F09-2CDD4FFD4537}.Win8 Release|Mixed Platforms.Build.0 = Release|Win32
		{03AB5F24-0A18-4E64-8F09-2CDD4FFD4537}.Win8 Release|Mixed Platforms.Deploy.0 = Release|Win32
		{03AB5F24-0A18-4E64-8F09-2CDD4FFD4537}.Win8 Release|Win32.ActiveCfg = Release|Win32
		{03AB5F24-0A18-4E64-8F09-2CDD4FFD4537}.Win8 Release|Win32.Build.0 = Release|Win32
		{03AB5F24-0A18-4E64-8F09-2CDD4FFD4537}.Win8 Release|Win32.Deploy.0 = Release|Win32
		{03AB5F24-0A18-4E64-8F09-2CDD4FFD4537}.Win8 Release|x64.ActiveCfg = Release|x64
		{03AB5F24-0A18-4E64-8F09-2CDD4FFD4537}.Win8 Release|x64.Build.0 = Release|x64
		{03AB5F24-0A18-4E64-8F09-2CDD4FFD4537}.Win8 Release|x64.Deploy.0 = Release|x64
		{B4C77643-CB8D-40EA-BF76-AFCECD950C96}.Debug|Mixed Platforms.ActiveCfg = Debug|Win32
		{B4C77643-CB8D-40EA-BF76-AFCECD950C96}.Debug|Mixed Platforms.Build.0 = Debug|Win32
		{B4C77643-CB8D-40EA-BF76-AFCECD950C96}.Debug|Mixed Platforms.Deploy.0 = Debug|Win32
		{B4C77643-CB8D-40EA-BF76-AFCECD950C96}.Debug|Win32.ActiveCfg = Debug|Win32
		{B4C77643-CB8D-40EA-BF76-AFCECD950C96}.Debug|Win32.Build.0 = Debug|Win32
		{B4C77643-CB8D-40EA-BF76-AFCECD950C96}.Debug|Win32.Deploy.0 = Debug|Win32
		{B4C77643-CB8D-40EA-BF76-AFCECD950C96}.Debug|x64.ActiveCfg = Debug|x64
		{B4C77643-CB8D-40EA-BF76-AFCECD950C96}.Debug|x64.Build.0 = Debug|x64
		{B4C77643-CB8D-40EA-BF76-AFCECD950C96}.Debug|x64.Deploy.0 = Debug|x64
		{B4C77643-CB8D-40EA-BF76-AFCECD950C96}.Release|Mixed Platforms.ActiveCfg = Release|Win32
		{B4C77643-CB8D-40EA-BF76-AFCECD950C96}.Release|Mixed Platforms.Build.0 = Release|Win32
		{B4C77643-CB8D-40EA-BF76-AFCECD950C96}.Release|Mixed Platforms.Deploy.0 = Release|Win32
		{B4C77643-CB8D-40EA-BF76-AFCECD950C96}.Release|Win32.ActiveCfg = Release|Win32
		{B4C77643-CB8D-40EA-BF76-AFCECD950C96}.Release|Win32.Build.0 = Release|Win32
		{B4C77643-CB8D-40EA-BF76-AFCECD950C96}.Release|Win32.Deploy.0 = Release|Win32
		{B4C77643-CB8D-40EA-BF76-AFCECD950C96}.Release|x64.ActiveCfg = Release|x64
		{B4C77643-CB8D-40EA-BF76-AFCECD950C96}.Release|x64.Build.0 = Release|x64
		{B4C77643-CB8D-40EA-BF76-AFCECD950C96}.Release|x64.Deploy.0 = Release|x64
		{B4C77643-CB8D-40EA-BF76-AFCECD950C96}.Win8 Debug|Mixed Platforms.ActiveCfg = Debug|Win32
		{B4C77643-CB8D-40EA-BF76-AFCECD950C96}.Win8 Debug|Mixed Platforms.Build.0 = Debug|Win32
		{B4C77643-CB8D-40EA-BF76-AFCECD950C96}.Win8 Debug|Mixed Platforms.Deploy.0 = Debug|Win32
		{B4C77643-CB8D-40EA-BF76-AFCECD950C96}.Win8 Debug|Win32.ActiveCfg = Debug|Win32
		{B4C77643-CB8D-40EA-BF76-AFCECD950C96}.Win8 Debug|Win32.Build.0 = Debug|Win32
		{B4C77643-CB8D-40EA-BF76-AFCECD950C96}.Win8 Debug|Win32.Deploy.0 = Debug|Win32
		{B4C77643-CB8D-40EA-BF76-AFCECD950C96}.Win8 Debug|x64.ActiveCfg = Debug|x64
		{B4C77643-CB8D-40EA-BF76-AFCECD950C96}.Win8 Debug|x64.Build.0 = Debug|x64
		{B4C77643-CB8D-40EA-BF76-AFCECD950C96}.Win8 Release|Mixed Platforms.ActiveCfg = Release|Win32
		{B4C77643-CB8D-40EA-BF76-AFCECD950C96}.Win8 Release|Mixed Platforms.Build.0 = Release|Win32
		{B4C77643-CB8D-40EA-BF76-AFCECD950C96}.Win8 Release|Mixed Platforms.Deploy.0 = Release|Win32
		{B4C77643-CB8D-40EA-BF76-AFCECD950C96}.Win8 Release|Win32.ActiveCfg = Release|Win32
		{B4C77643-CB8D-40EA-BF76-AFCECD950C96}.Win8 Release|Win32.Build.0 = Release|Win32
		{B4C77643-CB8D-40EA-BF76-AFCECD950C96}.Win8 Release|Win32.Deploy.0 = Release|Win32
		{B4C77643-CB8D-40EA-BF76-AFCECD950C96}.Win8 Release|x64.ActiveCfg = Release|x64
		{B4C77643-CB8D-40EA-BF76-AFCECD950C96}.Win8 Release|x64.Build.0 = Release|x64
		{B4C77643-CB8D-40EA-BF76-AFCECD950C96}.Win8 Release|x64.Deploy.0 = Release|x64
		{3F9A6FF1-9734-43AC-A7ED-6A7F33B6F3BC}.Debug|Mixed Platforms.ActiveCfg = Debug|Win32
		{3F9A6FF1-9734-43AC-A7ED-6A7F33B6F3BC}.Debug|Mixed Platforms.Build.0 = Debug|Win32
		{3F9A6FF1-9734-43AC-A7ED-6A7F33B6F3BC}.Debug|Mixed Platforms.Deploy.0 = Debug|Win32
		{3F9A6FF1-9734-43AC-A7ED-6A7F33B6F3BC}.Debug|Win32.ActiveCfg = Debug|Win32
		{3F9A6FF1-9734-43AC-A7ED-6A7F33B6F3BC}.Debug|Win32.Build.0 = Debug|Win32
		{3F9A6FF1-9734-43AC-A7ED-6A7F33B6F3BC}.Debug|Win32.Deploy.0 = Debug|Win32
		{3F9A6FF1-9734-43AC-A7ED-6A7F33B6F3BC}.Debug|x64.ActiveCfg = Debug|x64
		{3F9A6FF1-9734-43AC-A7ED-6A7F33B6F3BC}.Debug|x64.Build.0 = Debug|x64
		{3F9A6FF1-9734-43AC-A7ED-6A7F33B6F3BC}.Debug|x64.Deploy.0 = Debug|x64
		{3F9A6FF1-9734-43AC-A7ED-6A7F33B6F3BC}.Release|Mixed Platforms.ActiveCfg = Release|Win32
		{3F9A6FF1-9734-43AC-A7ED-6A7F33B6F3BC}.Release|Mixed Platforms.Build.0 = Release|Win32
		{3F9A6FF1-9734-43AC-A7ED-6A7F33B6F3BC}.Release|Mixed Platforms.Deploy.0 = Release|Win32
		{3F9A6FF1-9734-43AC-A7ED-6A7F33B6F3BC}.Release|Win32.ActiveCfg = Release|Win32
		{3F9A6FF1-9734-43AC-A7ED-6A7F33B6F3BC}.Release|Win32.Build.0 = Release|Win32
		{3F9A6FF1-9734-43AC-A7ED-6A7F33B6F3BC}.Release|Win32.Deploy.0 = Release|Win32
		{3F9A6FF1-9734-43AC-A7ED-6A7F33B6F3BC}.Release|x64.ActiveCfg = Release|x64
		{3F9A6FF1-9734-43AC-A7ED-6A7F33B6F3BC}.Release|x64.Build.0 = Release|x64
		{3F9A6FF1-9734-43AC-A7ED-6A7F33B6F3BC}.Release|x64.Deploy.0 = Release|x64
		{3F9A6FF1-9734-43AC-A7ED-6A7F33B6F3BC}.Win8 Debug|Mixed Platforms.ActiveCfg = Debug|Win32
		{3F9A6FF1-9734-43AC-A7ED-6A7F33B6F3BC}.Win8 Debug|Mixed Platforms.Build.0 = Debug|Win32
		{3F9A6FF1-9734-43AC-A7ED-6A7F33B6F3BC}.Win8 Debug|Mixed Platforms.Deploy.0 = Debug|Win32
		{3F9A6FF1-9734-43AC-A7ED-6A7F33B6F3BC}.Win8 Debug|Win32.ActiveCfg = Debug|Win32
		{3F9A6FF1-9734-43AC-A7ED-6A7F33B6F3BC}.Win8 Debug|Win32.Build.0 = Debug|Win32
		{3F9A6FF1-9734-43AC-A7ED-6A7F33B6F3BC}.Win8 Debug|Win32.Deploy.0 = Debug|Win32
		{3F9A6FF1-9734-43AC-A7ED-6A7F33B6F3BC}.Win8 Debug|x64.ActiveCfg = Debug|x64
		{3F9A6FF1-9734-43AC-A7ED-6A7F33B6F3BC}.Win8 Debug|x64.Build.0 = Debug|x64
		{3F9A6FF1-9734-43AC-A7ED-6A7F33B6F3BC}.Win8 Release|Mixed Platforms.ActiveCfg = Release|Win32
		{3F9A6FF1-9734-43AC-A7ED-6A7F33B6F3BC}.Win8 Release|Mixed Platforms.Build.0 = Release|Win32
		{3F9A6FF1-9734-43AC-A7ED-6A7F33B6F3BC}.Win8 Release|Mixed Platforms.Deploy.0 = Release|Win32
		{3F9A6FF1-9734-43AC-A7ED-6A7F33B6F3BC}.Win8 Release|Win32.ActiveCfg = Release|Win32
		{3F9A6FF1-9734-43AC-A7ED-6A7F33B6F3BC}.Win8 Release|Win32.Build.0 = Release|Win32
		{3F9A6FF1-9734-43AC-A7ED-6A7F33B6F3BC}.Win8 Release|Win32.Deploy.0 = Release|Win32
		{3F9A6FF1-9734-43AC-A7ED-6A7F33B6F3BC}.Win8 Release|x64.ActiveCfg = Release|x64
		{3F9A6FF1-9734-43AC-A7ED-6A7F33B6F3BC}.Win8 Release|x64.Build.0 = Release|x64
		{3F9A6FF1-9734-43AC-A7ED-6A7F33B6F3BC}.Win8 Release|x64.Deploy.0 = Release|x64
	EndGlobalSection
	GlobalSection(SolutionProperties) = preSolution
		HideSolutionNode = FALSE
	EndGlobalSection
	GlobalSection(NestedProjects) = preSolution
		{911D7389-3E61-449F-B8F3-14AD7EE9A0F2} = {6BA8554E-AE50-49B0-9C98-4592447FEF8D}
		{24B547E3-C631-4768-B454-CF7719D58A5C} = {70FA07AF-D1EB-4725-A913-4DA8B9889574}
		{FBD8B3A1-E623-4801-B899-7175B8ECB94E} = {425BEA3C-D5DC-470F-85DB-5C0A220113B1}
		{D63C4B45-D8C0-4E97-9C7C-DC8E3101A9BB} = {FBD8B3A1-E623-4801-B899-7175B8ECB94E}
		{B4C77643-CB8D-40EA-BF76-AFCECD950C96} = {962C7A4F-8D41-4FB2-B793-0B2F639C0078}
		{03AB5F24-0A18-4E64-8F09-2CDD4FFD4537} = {046E9D3B-71A5-48BA-AF4E-4D72740CF5DE}
		{3F9A6FF1-9734-43AC-A7ED-6A7F33B6F3BC} = {046E9D3B-71A5-48BA-AF4E-4D72740CF5DE}
	EndGlobalSection
EndGlobal
